<?xml version="1.0" encoding="utf-8"?>
<Project ToolsVersion="4.0" xmlns="http://schemas.microsoft.com/developer/msbuild/2003">
  <ItemGroup>
    <Filter Include="源文件">
      <UniqueIdentifier>{4FC737F1-C7A5-4376-A066-2A32D752A2FF}</UniqueIdentifier>
      <Extensions>cpp;c;cc;cxx;def;odl;idl;hpj;bat;asm;asmx</Extensions>
    </Filter>
    <Filter Include="头文件">
      <UniqueIdentifier>{93995380-89BD-4b04-88EB-625FBE52EBFB}</UniqueIdentifier>
      <Extensions>h;hh;hpp;hxx;hm;inl;inc;ipp;xsd</Extensions>
    </Filter>
    <Filter Include="资源文件">
      <UniqueIdentifier>{67DA6AB6-F800-4c08-8B7A-83BB121AAD01}</UniqueIdentifier>
      <Extensions>rc;ico;cur;bmp;dlg;rc2;rct;bin;rgs;gif;jpg;jpeg;jpe;resx;tiff;tif;png;wav;mfcribbon-ms</Extensions>
    </Filter>
    <Filter Include="源文件\test">
      <UniqueIdentifier>{a56db086-ef7f-431b-9614-c96a2aaafb5d}</UniqueIdentifier>
    </Filter>
    <Filter Include="头文件\general">
      <UniqueIdentifier>{c170b645-c204-4fd0-9563-268575b0de0e}</UniqueIdentifier>
    </Filter>
    <Filter Include="源文件\lexicalAnalysis">
      <UniqueIdentifier>{fc267789-e676-4259-a19c-5294fb8428df}</UniqueIdentifier>
    </Filter>
    <Filter Include="头文件\lexicalAnalysis">
      <UniqueIdentifier>{db23bcf9-e0cd-4977-a18e-a698d23e2009}</UniqueIdentifier>
    </Filter>
    <Filter Include="头文件\test">
      <UniqueIdentifier>{73be1d44-0e10-42db-820f-28e2f7144fc5}</UniqueIdentifier>
    </Filter>
    <Filter Include="头文件\AST">
      <UniqueIdentifier>{2ca0ed7e-fbf8-4b7f-9f59-b0199738180d}</UniqueIdentifier>
    </Filter>
    <Filter Include="源文件\AST">
      <UniqueIdentifier>{aa901489-46f9-4210-be34-8937898cfcd7}</UniqueIdentifier>
    </Filter>
    <Filter Include="源文件\general">
      <UniqueIdentifier>{5c4ee499-e1db-4962-9ac6-a9e0b36856a4}</UniqueIdentifier>
    </Filter>
    <Filter Include="源文件\paser">
      <UniqueIdentifier>{bbb81a87-8046-4553-9864-566e30ba72b4}</UniqueIdentifier>
    </Filter>
    <Filter Include="头文件\paser">
      <UniqueIdentifier>{fa7b88d4-d0b7-464c-914d-6993134ca5c1}</UniqueIdentifier>
    </Filter>
  </ItemGroup>
  <ItemGroup>
    <ClInclude Include="MyLexicalAnalysis.h">
      <Filter>头文件\lexicalAnalysis</Filter>
    </ClInclude>
    <ClInclude Include="Token.h">
      <Filter>头文件\general</Filter>
    </ClInclude>
    <ClInclude Include="MyException.h">
      <Filter>头文件\general</Filter>
    </ClInclude>
    <ClInclude Include="Test.h">
      <Filter>头文件\test</Filter>
    </ClInclude>
    <ClInclude Include="ASTGen.h">
      <Filter>头文件\AST</Filter>
    </ClInclude>
    <ClInclude Include="GeneralFile.h">
      <Filter>头文件\general</Filter>
    </ClInclude>
    <ClInclude Include="MyParser.h">
      <Filter>头文件\paser</Filter>
    </ClInclude>
    <ClInclude Include="IntExprAST.h">
      <Filter>头文件\AST</Filter>
    </ClInclude>
    <ClInclude Include="CharExprAST.h">
      <Filter>头文件\AST</Filter>
    </ClInclude>
    <ClInclude Include="StringExprAST.h">
      <Filter>头文件\AST</Filter>
    </ClInclude>
    <ClInclude Include="RealExprAST.h">
      <Filter>头文件\AST</Filter>
    </ClInclude>
    <ClInclude Include="IdExprAST.h">
      <Filter>头文件\AST</Filter>
    </ClInclude>
    <ClInclude Include="ExprAST.h">
      <Filter>头文件\AST</Filter>
    </ClInclude>
    <ClInclude Include="Expr1AST.h">
      <Filter>头文件\AST</Filter>
    </ClInclude>
    <ClInclude Include="PattAST.h">
      <Filter>头文件\AST</Filter>
    </ClInclude>
    <ClInclude Include="WordExprAST.h">
      <Filter>头文件\AST</Filter>
    </ClInclude>
    <ClInclude Include="DecAST.h">
      <Filter>头文件\AST</Filter>
    </ClInclude>
    <ClInclude Include="Dec1AST.h">
      <Filter>头文件\AST</Filter>
    </ClInclude>
    <ClInclude Include="Patt1AST.h">
      <Filter>头文件\AST</Filter>
    </ClInclude>
    <ClInclude Include="Dec2AST.h">
      <Filter>头文件\AST</Filter>
    </ClInclude>
    <ClInclude Include="ValbindAST.h">
      <Filter>头文件\AST</Filter>
    </ClInclude>
    <ClInclude Include="FunbindAST.h">
      <Filter>头文件\AST</Filter>
    </ClInclude>
    <ClInclude Include="FunmatchAST.h">
      <Filter>头文件\AST</Filter>
    </ClInclude>
    <ClInclude Include="IfExprAST.h">
      <Filter>头文件\AST</Filter>
    </ClInclude>
    <ClInclude Include="LetExprAST.h">
      <Filter>头文件\AST</Filter>
    </ClInclude>
    <ClInclude Include="ListExprAST.h">
      <Filter>头文件\AST</Filter>
    </ClInclude>
    <ClInclude Include="SequenceExprAST.h">
      <Filter>头文件\AST</Filter>
    </ClInclude>
    <ClInclude Include="LongIdExprAST.h">
      <Filter>头文件\AST</Filter>
    </ClInclude>
    <ClInclude Include="BinopLongIdExprAST.h">
      <Filter>头文件\AST</Filter>
    </ClInclude>
    <ClInclude Include="ExprExpr1AST.h">
      <Filter>头文件\AST</Filter>
    </ClInclude>
    <ClInclude Include="IdExprExpr1.h">
      <Filter>头文件\AST</Filter>
    </ClInclude>
    <ClInclude Include="IntPattAST.h">
      <Filter>头文件\AST</Filter>
    </ClInclude>
    <ClInclude Include="RealPattAST.h">
      <Filter>头文件\AST</Filter>
    </ClInclude>
    <ClInclude Include="CharPattAST.h">
      <Filter>头文件\AST</Filter>
    </ClInclude>
    <ClInclude Include="StringPattAST.h">
      <Filter>头文件\AST</Filter>
    </ClInclude>
    <ClInclude Include="VariablePattAST.h">
      <Filter>头文件\AST</Filter>
    </ClInclude>
    <ClInclude Include="BinopIdPattAST.h">
      <Filter>头文件\AST</Filter>
    </ClInclude>
    <ClInclude Include="IdConstructionPattAST.h">
      <Filter>头文件\AST</Filter>
    </ClInclude>
    <ClInclude Include="IdPattAST.h">
      <Filter>头文件\AST</Filter>
    </ClInclude>
    <ClInclude Include="ListPattAST.h">
      <Filter>头文件\AST</Filter>
    </ClInclude>
    <ClInclude Include="TuplePattAST.h">
      <Filter>头文件\AST</Filter>
    </ClInclude>
    <ClInclude Include="MergePattAST.h">
      <Filter>头文件\AST</Filter>
    </ClInclude>
    <ClInclude Include="IdAsPattAST.h">
      <Filter>头文件\AST</Filter>
    </ClInclude>
    <ClInclude Include="IdPattPatt1AST.h">
      <Filter>头文件\AST</Filter>
    </ClInclude>
    <ClInclude Include="ValueDeclAST.h">
      <Filter>头文件\AST</Filter>
    </ClInclude>
    <ClInclude Include="LocalDecAST.h">
      <Filter>头文件\AST</Filter>
    </ClInclude>
    <ClInclude Include="StmtAST.h">
      <Filter>头文件\AST</Filter>
    </ClInclude>
    <ClInclude Include="Stmt1AST.h">
      <Filter>头文件\AST</Filter>
    </ClInclude>
    <ClInclude Include="StmtDecAST.h">
      <Filter>头文件\AST</Filter>
    </ClInclude>
    <ClInclude Include="FunctionDeclAST.h">
      <Filter>头文件\AST</Filter>
    </ClInclude>
    <ClInclude Include="ASTAll.h">
      <Filter>头文件\AST</Filter>
    </ClInclude>
  </ItemGroup>
  <ItemGroup>
    <ClCompile Include="MyLexicalAnalysis.cpp">
      <Filter>源文件\lexicalAnalysis</Filter>
    </ClCompile>
    <ClCompile Include="Test.cpp">
      <Filter>源文件\test</Filter>
    </ClCompile>
    <ClCompile Include="ASTGen.cpp">
      <Filter>源文件\AST</Filter>
    </ClCompile>
    <ClCompile Include="GeneralFile.cpp">
      <Filter>源文件\general</Filter>
    </ClCompile>
    <ClCompile Include="main.cpp">
      <Filter>源文件\general</Filter>
    </ClCompile>
    <ClCompile Include="MyParser.cpp">
      <Filter>源文件\paser</Filter>
    </ClCompile>
    <ClCompile Include="IntExprAST.cpp">
      <Filter>源文件\AST</Filter>
    </ClCompile>
    <ClCompile Include="CharExprAST.cpp">
      <Filter>源文件\AST</Filter>
    </ClCompile>
    <ClCompile Include="StringExprAST.cpp">
      <Filter>源文件\AST</Filter>
    </ClCompile>
    <ClCompile Include="RealExprAST.cpp">
      <Filter>源文件\AST</Filter>
    </ClCompile>
    <ClCompile Include="IdExprAST.cpp">
      <Filter>源文件\AST</Filter>
    </ClCompile>
    <ClCompile Include="ExprAST.cpp">
      <Filter>源文件\AST</Filter>
    </ClCompile>
    <ClCompile Include="Expr1AST.cpp">
      <Filter>源文件\AST</Filter>
    </ClCompile>
    <ClCompile Include="PattAST.cpp">
      <Filter>源文件\AST</Filter>
    </ClCompile>
    <ClCompile Include="WordExprAST.cpp">
      <Filter>源文件\AST</Filter>
    </ClCompile>
    <ClCompile Include="Patt1AST.cpp">
      <Filter>源文件\AST</Filter>
    </ClCompile>
    <ClCompile Include="Dec1AST.cpp">
      <Filter>源文件\AST</Filter>
    </ClCompile>
    <ClCompile Include="Dec2AST.cpp">
      <Filter>源文件\AST</Filter>
    </ClCompile>
    <ClCompile Include="DecAST.cpp">
      <Filter>源文件\AST</Filter>
    </ClCompile>
    <ClCompile Include="ValbindAST.cpp">
      <Filter>源文件\AST</Filter>
    </ClCompile>
    <ClCompile Include="FunbindAST.cpp">
      <Filter>源文件\AST</Filter>
    </ClCompile>
    <ClCompile Include="FunmatchAST.cpp">
      <Filter>源文件\AST</Filter>
    </ClCompile>
    <ClCompile Include="IfExprAST.cpp">
      <Filter>源文件\AST</Filter>
    </ClCompile>
    <ClCompile Include="LetExprAST.cpp">
      <Filter>源文件\AST</Filter>
    </ClCompile>
    <ClCompile Include="ListExprAST.cpp">
      <Filter>源文件\AST</Filter>
    </ClCompile>
    <ClCompile Include="SequenceExprAST.cpp">
      <Filter>源文件\AST</Filter>
    </ClCompile>
    <ClCompile Include="LongIdExprAST.cpp">
      <Filter>源文件\AST</Filter>
    </ClCompile>
    <ClCompile Include="BinopLongIdExprAST.cpp">
      <Filter>源文件\AST</Filter>
    </ClCompile>
    <ClCompile Include="ExprExpr1AST.cpp">
      <Filter>源文件\AST</Filter>
    </ClCompile>
    <ClCompile Include="IdExprExpr1.cpp">
      <Filter>源文件\AST</Filter>
    </ClCompile>
    <ClCompile Include="IntPattAST.cpp">
      <Filter>源文件\AST</Filter>
    </ClCompile>
    <ClCompile Include="RealPattAST.cpp">
      <Filter>源文件\AST</Filter>
    </ClCompile>
    <ClCompile Include="StringPattAST.cpp">
      <Filter>源文件\AST</Filter>
    </ClCompile>
    <ClCompile Include="CharPattAST.cpp">
      <Filter>源文件\AST</Filter>
    </ClCompile>
    <ClCompile Include="VariablePattAST.cpp">
      <Filter>源文件\AST</Filter>
    </ClCompile>
    <ClCompile Include="BinopIdPattAST.cpp">
      <Filter>源文件\AST</Filter>
    </ClCompile>
    <ClCompile Include="IdConstructionPattAST.cpp">
      <Filter>源文件\AST</Filter>
    </ClCompile>
    <ClCompile Include="IdPattAST.cpp">
      <Filter>源文件\AST</Filter>
    </ClCompile>
    <ClCompile Include="ListPattAST.cpp">
      <Filter>源文件\AST</Filter>
    </ClCompile>
    <ClCompile Include="MergePattAST.cpp">
      <Filter>源文件\AST</Filter>
    </ClCompile>
    <ClCompile Include="TuplePattAST.cpp">
      <Filter>源文件\AST</Filter>
    </ClCompile>
    <ClCompile Include="IdAsPattAST.cpp">
      <Filter>源文件\AST</Filter>
    </ClCompile>
    <ClCompile Include="IdPattPatt1AST.cpp">
      <Filter>源文件\AST</Filter>
    </ClCompile>
    <ClCompile Include="FunctionDeclAST.cpp">
      <Filter>源文件\AST</Filter>
    </ClCompile>
    <ClCompile Include="ValueDeclAST.cpp">
      <Filter>源文件\AST</Filter>
    </ClCompile>
    <ClCompile Include="StmtAST.cpp">
      <Filter>源文件\AST</Filter>
    </ClCompile>
    <ClCompile Include="LocalDecAST.cpp">
      <Filter>源文件\AST</Filter>
    </ClCompile>
    <ClCompile Include="Stmt1AST.cpp">
      <Filter>源文件\AST</Filter>
    </ClCompile>
    <ClCompile Include="StmtDecAST.cpp">
      <Filter>源文件\AST</Filter>
    </ClCompile>
  </ItemGroup>
  <ItemGroup>
    <Text Include="test1.txt">
      <Filter>源文件\test</Filter>
    </Text>
  </ItemGroup>
</Project>